<?xml version="1.0" encoding="utf-8"?>
<Project ToolsVersion="4.0" xmlns="http://schemas.microsoft.com/developer/msbuild/2003">
  <ItemGroup>
    <Filter Include="Source Files">
      <UniqueIdentifier>{4FC737F1-C7A5-4376-A066-2A32D752A2FF}</UniqueIdentifier>
      <Extensions>cpp;c;cc;cxx;c++;cppm;ixx;def;odl;idl;hpj;bat;asm;asmx</Extensions>
    </Filter>
    <Filter Include="Header Files">
      <UniqueIdentifier>{93995380-89BD-4b04-88EB-625FBE52EBFB}</UniqueIdentifier>
      <Extensions>h;hh;hpp;hxx;h++;hm;inl;inc;ipp;xsd</Extensions>
    </Filter>
    <Filter Include="Resource Files">
      <UniqueIdentifier>{67DA6AB6-F800-4c08-8B7A-83BB121AAD01}</UniqueIdentifier>
      <Extensions>rc;ico;cur;bmp;dlg;rc2;rct;bin;rgs;gif;jpg;jpeg;jpe;resx;tiff;tif;png;wav;mfcribbon-ms</Extensions>
    </Filter>
    <Filter Include="Header Files\Components">
      <UniqueIdentifier>{d1b1d127-d369-4ab0-bb56-8db6002fac9a}</UniqueIdentifier>
    </Filter>
    <Filter Include="Source Files\Components">
      <UniqueIdentifier>{bc3eebee-1ea4-419b-98da-184c634a19a0}</UniqueIdentifier>
    </Filter>
    <Filter Include="Header Files\Commands">
      <UniqueIdentifier>{d7c5dfdc-c11b-46db-8a59-b6c30750901d}</UniqueIdentifier>
    </Filter>
    <Filter Include="Source Files\Commands">
      <UniqueIdentifier>{09bec310-18b0-4989-ba49-bc946a82345d}</UniqueIdentifier>
    </Filter>
    <Filter Include="Source Files\States">
      <UniqueIdentifier>{ed501a2d-0d71-4fef-9614-14e4be409b44}</UniqueIdentifier>
    </Filter>
    <Filter Include="Header Files\States">
      <UniqueIdentifier>{0b09b1f8-104b-44f6-9904-6d947859e9fe}</UniqueIdentifier>
    </Filter>
    <Filter Include="Header Files\States\Player">
      <UniqueIdentifier>{ba27beeb-16f8-48f5-b0f2-535e04e263a2}</UniqueIdentifier>
    </Filter>
    <Filter Include="Source Files\States\Player">
      <UniqueIdentifier>{27060ee8-f035-48f0-b829-892a9ee256b7}</UniqueIdentifier>
    </Filter>
    <Filter Include="Header Files\States\Ingredient">
      <UniqueIdentifier>{416d9711-99e3-47cb-a341-603556056e50}</UniqueIdentifier>
    </Filter>
    <Filter Include="Source Files\States\Ingredient">
      <UniqueIdentifier>{c1bcfa47-7aa7-404c-99a1-88a2e987bc71}</UniqueIdentifier>
    </Filter>
    <Filter Include="Header Files\States\Enemy">
      <UniqueIdentifier>{3047964d-bc85-4825-b2b0-7b87dcbc12ad}</UniqueIdentifier>
    </Filter>
    <Filter Include="Source Files\States\Enemy">
      <UniqueIdentifier>{f9d56fbd-1f04-4eaf-a512-304eae9bbbc3}</UniqueIdentifier>
    </Filter>
    <Filter Include="Header Files\States\Game">
      <UniqueIdentifier>{2bc851a8-0f86-4ab9-bd50-351ab7eef92c}</UniqueIdentifier>
    </Filter>
    <Filter Include="Source Files\States\Game">
      <UniqueIdentifier>{96a46f86-1004-4775-a857-695d9960ec91}</UniqueIdentifier>
    </Filter>
    <Filter Include="Source Files\Components\MenuComponents">
      <UniqueIdentifier>{3dca60ca-0dce-4b23-8750-f94775aae26b}</UniqueIdentifier>
    </Filter>
    <Filter Include="Source Files\Components\GameComponents">
      <UniqueIdentifier>{47b0b581-4f7d-469c-8321-a9c7eb6f8368}</UniqueIdentifier>
    </Filter>
    <Filter Include="Header Files\Components\GameComponents">
      <UniqueIdentifier>{f36bbb33-68f8-4d09-a098-3e04e221e935}</UniqueIdentifier>
    </Filter>
    <Filter Include="Header Files\Components\MenuComponents">
      <UniqueIdentifier>{fb608bce-113e-4bc6-bec5-54d3dfe6ff35}</UniqueIdentifier>
    </Filter>
  </ItemGroup>
  <ItemGroup>
    <ClCompile Include="BurgerTime.cpp">
      <Filter>Source Files</Filter>
    </ClCompile>
    <ClCompile Include="GameCommand.cpp">
      <Filter>Source Files\Commands</Filter>
    </ClCompile>
    <ClCompile Include="PlayerMoveState.cpp">
      <Filter>Source Files\States\Player</Filter>
    </ClCompile>
    <ClCompile Include="PlayerIdleState.cpp">
      <Filter>Source Files\States\Player</Filter>
    </ClCompile>
    <ClCompile Include="PlayerPepperState.cpp">
      <Filter>Source Files\States\Player</Filter>
    </ClCompile>
    <ClCompile Include="PlayerDyingState.cpp">
      <Filter>Source Files\States\Player</Filter>
    </ClCompile>
    <ClCompile Include="PlayerWinningState.cpp">
      <Filter>Source Files\States\Player</Filter>
    </ClCompile>
    <ClCompile Include="IngredientFallingState.cpp">
      <Filter>Source Files\States\Ingredient</Filter>
    </ClCompile>
    <ClCompile Include="IngredientIdleState.cpp">
      <Filter>Source Files\States\Ingredient</Filter>
    </ClCompile>
    <ClCompile Include="IngredientOnPlateState.cpp">
      <Filter>Source Files\States\Ingredient</Filter>
    </ClCompile>
    <ClCompile Include="EnemyState.cpp">
      <Filter>Source Files\States\Enemy</Filter>
    </ClCompile>
    <ClCompile Include="EnemyStunnedState.cpp">
      <Filter>Source Files\States\Enemy</Filter>
    </ClCompile>
    <ClCompile Include="EnemySquishedState.cpp">
      <Filter>Source Files\States\Enemy</Filter>
    </ClCompile>
    <ClCompile Include="EnemyDeadState.cpp">
      <Filter>Source Files\States\Enemy</Filter>
    </ClCompile>
    <ClCompile Include="EnemyChaseState.cpp">
      <Filter>Source Files\States\Enemy</Filter>
    </ClCompile>
    <ClCompile Include="EnemyFallState.cpp">
      <Filter>Source Files\States\Enemy</Filter>
    </ClCompile>
    <ClCompile Include="GameState.cpp">
      <Filter>Source Files\States\Game</Filter>
    </ClCompile>
    <ClCompile Include="StartScreenState.cpp">
      <Filter>Source Files\States\Game</Filter>
    </ClCompile>
    <ClCompile Include="SingleplayerGameState.cpp">
      <Filter>Source Files\States\Game</Filter>
    </ClCompile>
    <ClCompile Include="VersusGameState.cpp">
      <Filter>Source Files\States\Game</Filter>
    </ClCompile>
    <ClCompile Include="CoopGameState.cpp">
      <Filter>Source Files\States\Game</Filter>
    </ClCompile>
    <ClCompile Include="LeaderboardState.cpp">
      <Filter>Source Files\States\Game</Filter>
    </ClCompile>
    <ClCompile Include="LevelLoader.cpp">
      <Filter>Source Files</Filter>
    </ClCompile>
    <ClCompile Include="EnemyShowPointsState.cpp">
      <Filter>Source Files\States\Enemy</Filter>
    </ClCompile>
    <ClCompile Include="GameModeComponent.cpp">
      <Filter>Source Files\Components</Filter>
    </ClCompile>
    <ClCompile Include="UILoader.cpp">
      <Filter>Source Files</Filter>
    </ClCompile>
    <ClCompile Include="MenuCommands.cpp">
      <Filter>Source Files\Commands</Filter>
    </ClCompile>
    <ClCompile Include="LeaderboardHandler.cpp">
      <Filter>Source Files</Filter>
    </ClCompile>
    <ClCompile Include="CursorComponent.cpp">
      <Filter>Source Files\Components\MenuComponents</Filter>
    </ClCompile>
    <ClCompile Include="ChaseComponent.cpp">
      <Filter>Source Files\Components\GameComponents</Filter>
    </ClCompile>
    <ClCompile Include="EnemyComponent.cpp">
      <Filter>Source Files\Components\GameComponents</Filter>
    </ClCompile>
    <ClCompile Include="FallComponent.cpp">
      <Filter>Source Files\Components\GameComponents</Filter>
    </ClCompile>
    <ClCompile Include="FPSComponent.cpp">
      <Filter>Source Files\Components\GameComponents</Filter>
    </ClCompile>
    <ClCompile Include="IngredientComponent.cpp">
      <Filter>Source Files\Components\GameComponents</Filter>
    </ClCompile>
    <ClCompile Include="LivesComponent.cpp">
      <Filter>Source Files\Components\GameComponents</Filter>
    </ClCompile>
    <ClCompile Include="LivesDisplayComponent.cpp">
      <Filter>Source Files\Components\GameComponents</Filter>
    </ClCompile>
    <ClCompile Include="PepperComponent.cpp">
      <Filter>Source Files\Components\GameComponents</Filter>
    </ClCompile>
    <ClCompile Include="PepperDisplayComponent.cpp">
      <Filter>Source Files\Components\GameComponents</Filter>
    </ClCompile>
    <ClCompile Include="PlateComponent.cpp">
      <Filter>Source Files\Components\GameComponents</Filter>
    </ClCompile>
    <ClCompile Include="PlayerComponent.cpp">
      <Filter>Source Files\Components\GameComponents</Filter>
    </ClCompile>
    <ClCompile Include="PointEffectComponent.cpp">
      <Filter>Source Files\Components\GameComponents</Filter>
    </ClCompile>
    <ClCompile Include="PointsComponent.cpp">
      <Filter>Source Files\Components\GameComponents</Filter>
    </ClCompile>
    <ClCompile Include="PointsDisplayComponent.cpp">
      <Filter>Source Files\Components\GameComponents</Filter>
    </ClCompile>
    <ClCompile Include="RespawnComponent.cpp">
      <Filter>Source Files\Components\GameComponents</Filter>
    </ClCompile>
    <ClCompile Include="MenuComponent.cpp">
      <Filter>Source Files\Components\MenuComponents</Filter>
    </ClCompile>
    <ClCompile Include="CommandLoader.cpp">
      <Filter>Source Files</Filter>
    </ClCompile>
  </ItemGroup>
  <ItemGroup>
    <ClInclude Include="GameCommand.h">
      <Filter>Header Files\Commands</Filter>
    </ClInclude>
    <ClInclude Include="PlayerState.h">
      <Filter>Header Files\States\Player</Filter>
    </ClInclude>
    <ClInclude Include="LevelLoader.h">
      <Filter>Header Files</Filter>
    </ClInclude>
    <ClInclude Include="PlayerMoveState.h">
      <Filter>Header Files\States\Player</Filter>
    </ClInclude>
    <ClInclude Include="PlayerIdleState.h">
      <Filter>Header Files\States\Player</Filter>
    </ClInclude>
    <ClInclude Include="PlayerPepperState.h">
      <Filter>Header Files\States\Player</Filter>
    </ClInclude>
    <ClInclude Include="PlayerDyingState.h">
      <Filter>Header Files\States\Player</Filter>
    </ClInclude>
    <ClInclude Include="PlayerWinningState.h">
      <Filter>Header Files\States\Player</Filter>
    </ClInclude>
    <ClInclude Include="IngredientState.h">
      <Filter>Header Files\States\Ingredient</Filter>
    </ClInclude>
    <ClInclude Include="IngredientFallingState.h">
      <Filter>Header Files\States\Ingredient</Filter>
    </ClInclude>
    <ClInclude Include="IngredientIdleState.h">
      <Filter>Header Files\States\Ingredient</Filter>
    </ClInclude>
    <ClInclude Include="IngredientOnPlateState.h">
      <Filter>Header Files\States\Ingredient</Filter>
    </ClInclude>
    <ClInclude Include="EnemyState.h">
      <Filter>Header Files\States\Enemy</Filter>
    </ClInclude>
    <ClInclude Include="EnemyStunnedState.h">
      <Filter>Header Files\States\Enemy</Filter>
    </ClInclude>
    <ClInclude Include="EnemySquishedState.h">
      <Filter>Header Files\States\Enemy</Filter>
    </ClInclude>
    <ClInclude Include="EnemyDeadState.h">
      <Filter>Header Files\States\Enemy</Filter>
    </ClInclude>
    <ClInclude Include="EnemyChaseState.h">
      <Filter>Header Files\States\Enemy</Filter>
    </ClInclude>
    <ClInclude Include="EnemyFallState.h">
      <Filter>Header Files\States\Enemy</Filter>
    </ClInclude>
    <ClInclude Include="GameState.h">
      <Filter>Header Files\States\Game</Filter>
    </ClInclude>
    <ClInclude Include="StartScreenState.h">
      <Filter>Header Files\States\Game</Filter>
    </ClInclude>
    <ClInclude Include="LeaderboardState.h">
      <Filter>Header Files\States\Game</Filter>
    </ClInclude>
    <ClInclude Include="SingleplayerGameState.h">
      <Filter>Header Files\States\Game</Filter>
    </ClInclude>
    <ClInclude Include="VersusGameState.h">
      <Filter>Header Files\States\Game</Filter>
    </ClInclude>
    <ClInclude Include="CoopGameState.h">
      <Filter>Header Files\States\Game</Filter>
    </ClInclude>
    <ClInclude Include="EnemyShowPointsState.h">
      <Filter>Header Files\States\Enemy</Filter>
    </ClInclude>
    <ClInclude Include="GameModeComponent.h">
      <Filter>Header Files\Components</Filter>
    </ClInclude>
    <ClInclude Include="UILoader.h">
      <Filter>Header Files</Filter>
    </ClInclude>
    <ClInclude Include="MenuCommands.h">
      <Filter>Header Files\Commands</Filter>
    </ClInclude>
    <ClInclude Include="LeaderboardHandler.h">
      <Filter>Header Files</Filter>
    </ClInclude>
    <ClInclude Include="ChaseComponent.h">
      <Filter>Header Files\Components\GameComponents</Filter>
    </ClInclude>
    <ClInclude Include="EnemyComponent.h">
      <Filter>Header Files\Components\GameComponents</Filter>
    </ClInclude>
    <ClInclude Include="FallComponent.h">
      <Filter>Header Files\Components\GameComponents</Filter>
    </ClInclude>
    <ClInclude Include="FPSComponent.h">
      <Filter>Header Files\Components\GameComponents</Filter>
    </ClInclude>
    <ClInclude Include="IngredientComponent.h">
      <Filter>Header Files\Components\GameComponents</Filter>
    </ClInclude>
    <ClInclude Include="LivesComponent.h">
      <Filter>Header Files\Components\GameComponents</Filter>
    </ClInclude>
    <ClInclude Include="LivesDisplayComponent.h">
      <Filter>Header Files\Components\GameComponents</Filter>
    </ClInclude>
    <ClInclude Include="PepperComponent.h">
      <Filter>Header Files\Components\GameComponents</Filter>
    </ClInclude>
    <ClInclude Include="PepperDisplayComponent.h">
      <Filter>Header Files\Components\GameComponents</Filter>
    </ClInclude>
    <ClInclude Include="PlateComponent.h">
      <Filter>Header Files\Components\GameComponents</Filter>
    </ClInclude>
    <ClInclude Include="PlayerComponent.h">
      <Filter>Header Files\Components\GameComponents</Filter>
    </ClInclude>
    <ClInclude Include="PointEffectComponent.h">
      <Filter>Header Files\Components\GameComponents</Filter>
    </ClInclude>
    <ClInclude Include="PointsComponent.h">
      <Filter>Header Files\Components\GameComponents</Filter>
    </ClInclude>
    <ClInclude Include="PointsDisplayComponent.h">
      <Filter>Header Files\Components\GameComponents</Filter>
    </ClInclude>
    <ClInclude Include="RespawnComponent.h">
      <Filter>Header Files\Components\GameComponents</Filter>
    </ClInclude>
    <ClInclude Include="CursorComponent.h">
      <Filter>Header Files\Components\MenuComponents</Filter>
    </ClInclude>
    <ClInclude Include="MenuComponent.h">
      <Filter>Header Files\Components\MenuComponents</Filter>
    </ClInclude>
    <ClInclude Include="CommandLoader.h">
      <Filter>Header Files</Filter>
    </ClInclude>
  </ItemGroup>
</Project>